// !$*UTF8*$!
{
	archiveVersion = 1;
	classes = {
	};
	objectVersion = 77;
	objects = {

/* Begin PBXContainerItemProxy section */
		18153DFC2DE571ED007C872E /* PBXContainerItemProxy */ = {
			isa = PBXContainerItemProxy;
			containerPortal = 18153DE62DE571E4007C872E /* Project object */;
			proxyType = 1;
			remoteGlobalIDString = 18153DED2DE571E4007C872E;
			remoteInfo = GovyCheckin;
		};
		18153E062DE571EE007C872E /* PBXContainerItemProxy */ = {
			isa = PBXContainerItemProxy;
			containerPortal = 18153DE62DE571E4007C872E /* Project object */;
			proxyType = 1;
			remoteGlobalIDString = 18153DED2DE571E4007C872E;
			remoteInfo = GovyCheckin;
		};
/* End PBXContainerItemProxy section */

/* Begin PBXFileReference section */
		18153DEE2DE571E4007C872E /* GovyCheckin.app */ = {isa = PBXFileReference; explicitFileType = wrapper.application; includeInIndex = 0; path = GovyCheckin.app; sourceTree = BUILT_PRODUCTS_DIR; };
		18153DFB2DE571ED007C872E /* GovyCheckinTests.xctest */ = {isa = PBXFileReference; explicitFileType = wrapper.cfbundle; includeInIndex = 0; path = GovyCheckinTests.xctest; sourceTree = BUILT_PRODUCTS_DIR; };
		18153E052DE571EE007C872E /* GovyCheckinUITests.xctest */ = {isa = PBXFileReference; explicitFileType = wrapper.cfbundle; includeInIndex = 0; path = GovyCheckinUITests.xctest; sourceTree = BUILT_PRODUCTS_DIR; };
/* End PBXFileReference section */

/* Begin PBXFileSystemSynchronizedRootGroup section */
		18153DF02DE571E4007C872E /* GovyCheckin */ = {
			isa = PBXFileSystemSynchronizedRootGroup;
			path = GovyCheckin;
			sourceTree = "<group>";
		};
		18153DFE2DE571ED007C872E /* GovyCheckinTests */ = {
			isa = PBXFileSystemSynchronizedRootGroup;
			path = GovyCheckinTests;
			sourceTree = "<group>";
		};
		18153E082DE571EE007C872E /* GovyCheckinUITests */ = {
			isa = PBXFileSystemSynchronizedRootGroup;
			path = GovyCheckinUITests;
			sourceTree = "<group>";
		};
/* End PBXFileSystemSynchronizedRootGroup section */

/* Begin PBXFrameworksBuildPhase section */
		18153DEB2DE571E4007C872E /* Frameworks */ = {
			isa = PBXFrameworksBuildPhase;
			buildActionMask = 2147483647;
			files = (
			);
			runOnlyForDeploymentPostprocessing = 0;
		};
		18153DF82DE571ED007C872E /* Frameworks */ = {
			isa = PBXFrameworksBuildPhase;
			buildActionMask = 2147483647;
			files = (
			);
			runOnlyForDeploymentPostprocessing = 0;
		};
		18153E022DE571EE007C872E /* Frameworks */ = {
			isa = PBXFrameworksBuildPhase;
			buildActionMask = 2147483647;
			files = (
			);
			runOnlyForDeploymentPostprocessing = 0;
		};
/* End PBXFrameworksBuildPhase section */

/* Begin PBXGroup section */
		18153DE52DE571E4007C872E = {
			isa = PBXGroup;
			children = (
				18153DF02DE571E4007C872E /* GovyCheckin */,
				18153DFE2DE571ED007C872E /* GovyCheckinTests */,
				18153E082DE571EE007C872E /* GovyCheckinUITests */,
				18153DEF2DE571E4007C872E /* Products */,
			);
			sourceTree = "<group>";
		};
		18153DEF2DE571E4007C872E /* Products */ = {
			isa = PBXGroup;
			children = (
				18153DEE2DE571E4007C872E /* GovyCheckin.app */,
				18153DFB2DE571ED007C872E /* GovyCheckinTests.xctest */,
				18153E052DE571EE007C872E /* GovyCheckinUITests.xctest */,
			);
			name = Products;
			sourceTree = "<group>";
		};
/* End PBXGroup section */

/* Begin PBXNativeTarget section */
		18153DED2DE571E4007C872E /* GovyCheckin */ = {
			isa = PBXNativeTarget;
			buildConfigurationList = 18153E0F2DE571EE007C872E /* Build configuration list for PBXNativeTarget "GovyCheckin" */;
			buildPhases = (
				18153DEA2DE571E4007C872E /* Sources */,
				18153DEB2DE571E4007C872E /* Frameworks */,
				18153DEC2DE571E4007C872E /* Resources */,
			);
			buildRules = (
			);
			dependencies = (
			);
			fileSystemSynchronizedGroups = (
				18153DF02DE571E4007C872E /* GovyCheckin */,
			);
			name = GovyCheckin;
			packageProductDependencies = (
			);
			productName = GovyCheckin;
			productReference = 18153DEE2DE571E4007C872E /* GovyCheckin.app */;
			productType = "com.apple.product-type.application";
		};
		18153DFA2DE571ED007C872E /* GovyCheckinTests */ = {
			isa = PBXNativeTarget;
			buildConfigurationList = 18153E122DE571EE007C872E /* Build configuration list for PBXNativeTarget "GovyCheckinTests" */;
			buildPhases = (
				18153DF72DE571ED007C872E /* Sources */,
				18153DF82DE571ED007C872E /* Frameworks */,
				18153DF92DE571ED007C872E /* Resources */,
			);
			buildRules = (
			);
			dependencies = (
				18153DFD2DE571ED007C872E /* PBXTargetDependency */,
			);
			fileSystemSynchronizedGroups = (
				18153DFE2DE571ED007C872E /* GovyCheckinTests */,
			);
			name = GovyCheckinTests;
			packageProductDependencies = (
			);
			productName = GovyCheckinTests;
			productReference = 18153DFB2DE571ED007C872E /* GovyCheckinTests.xctest */;
			productType = "com.apple.product-type.bundle.unit-test";
		};
		18153E042DE571EE007C872E /* GovyCheckinUITests */ = {
			isa = PBXNativeTarget;
			buildConfigurationList = 18153E152DE571EE007C872E /* Build configuration list for PBXNativeTarget "GovyCheckinUITests" */;
			buildPhases = (
				18153E012DE571EE007C872E /* Sources */,
				18153E022DE571EE007C872E /* Frameworks */,
				18153E032DE571EE007C872E /* Resources */,
			);
			buildRules = (
			);
			dependencies = (
				18153E072DE571EE007C872E /* PBXTargetDependency */,
			);
			fileSystemSynchronizedGroups = (
				18153E082DE571EE007C872E /* GovyCheckinUITests */,
			);
			name = GovyCheckinUITests;
			packageProductDependencies = (
			);
			productName = GovyCheckinUITests;
			productReference = 18153E052DE571EE007C872E /* GovyCheckinUITests.xctest */;
			productType = "com.apple.product-type.bundle.ui-testing";
		};
/* End PBXNativeTarget section */

/* Begin PBXProject section */
		18153DE62DE571E4007C872E /* Project object */ = {
			isa = PBXProject;
			attributes = {
				BuildIndependentTargetsInParallel = 1;
				LastSwiftUpdateCheck = 1630;
				LastUpgradeCheck = 1630;
				TargetAttributes = {
					18153DED2DE571E4007C872E = {
						CreatedOnToolsVersion = 16.3;
					};
					18153DFA2DE571ED007C872E = {
						CreatedOnToolsVersion = 16.3;
						TestTargetID = 18153DED2DE571E4007C872E;
					};
					18153E042DE571EE007C872E = {
						CreatedOnToolsVersion = 16.3;
						TestTargetID = 18153DED2DE571E4007C872E;
					};
				};
			};
			buildConfigurationList = 18153DE92DE571E4007C872E /* Build configuration list for PBXProject "GovyCheckin" */;
			developmentRegion = en;
			hasScannedForEncodings = 0;
			knownRegions = (
				en,
				Base,
			);
			mainGroup = 18153DE52DE571E4007C872E;
			minimizedProjectReferenceProxies = 1;
			preferredProjectObjectVersion = 77;
			productRefGroup = 18153DEF2DE571E4007C872E /* Products */;
			projectDirPath = "";
			projectRoot = "";
			targets = (
				18153DED2DE571E4007C872E /* GovyCheckin */,
				18153DFA2DE571ED007C872E /* GovyCheckinTests */,
				18153E042DE571EE007C872E /* GovyCheckinUITests */,
			);
		};
/* End PBXProject section */

/* Begin PBXResourcesBuildPhase section */
		18153DEC2DE571E4007C872E /* Resources */ = {
			isa = PBXResourcesBuildPhase;
			buildActionMask = 2147483647;
			files = (
			);
			runOnlyForDeploymentPostprocessing = 0;
		};
		18153DF92DE571ED007C872E /* Resources */ = {
			isa = PBXResourcesBuildPhase;
			buildActionMask = 2147483647;
			files = (
			);
			runOnlyForDeploymentPostprocessing = 0;
		};
		18153E032DE571EE007C872E /* Resources */ = {
			isa = PBXResourcesBuildPhase;
			buildActionMask = 2147483647;
			files = (
			);
			runOnlyForDeploymentPostprocessing = 0;
		};
/* End PBXResourcesBuildPhase section */

/* Begin PBXSourcesBuildPhase section */
		18153DEA2DE571E4007C872E /* Sources */ = {
			isa = PBXSourcesBuildPhase;
			buildActionMask = 2147483647;
			files = (
			);
			runOnlyForDeploymentPostprocessing = 0;
		};
		18153DF72DE571ED007C872E /* Sources */ = {
			isa = PBXSourcesBuildPhase;
			buildActionMask = 2147483647;
			files = (
			);
			runOnlyForDeploymentPostprocessing = 0;
		};
		18153E012DE571EE007C872E /* Sources */ = {
			isa = PBXSourcesBuildPhase;
			buildActionMask = 2147483647;
			files = (
			);
			runOnlyForDeploymentPostprocessing = 0;
		};
/* End PBXSourcesBuildPhase section */

/* Begin PBXTargetDependency section */
		18153DFD2DE571ED007C872E /* PBXTargetDependency */ = {
			isa = PBXTargetDependency;
			target = 18153DED2DE571E4007C872E /* GovyCheckin */;
			targetProxy = 18153DFC2DE571ED007C872E /* PBXContainerItemProxy */;
		};
		18153E072DE571EE007C872E /* PBXTargetDependency */ = {
			isa = PBXTargetDependency;
			target = 18153DED2DE571E4007C872E /* GovyCheckin */;
			targetProxy = 18153E062DE571EE007C872E /* PBXContainerItemProxy */;
		};
/* End PBXTargetDependency section */

/* Begin XCBuildConfiguration section */
		18153E0D2DE571EE007C872E /* Debug */ = {
			isa = XCBuildConfiguration;
			buildSettings = {
				ALWAYS_SEARCH_USER_PATHS = NO;
				ASSETCATALOG_COMPILER_GENERATE_SWIFT_ASSET_SYMBOL_EXTENSIONS = YES;
				CLANG_ANALYZER_NONNULL = YES;
				CLANG_ANALYZER_NUMBER_OBJECT_CONVERSION = YES_AGGRESSIVE;
				CLANG_CXX_LANGUAGE_STANDARD = "gnu++20";
				CLANG_ENABLE_MODULES = YES;
				CLANG_ENABLE_OBJC_ARC = YES;
				CLANG_ENABLE_OBJC_WEAK = YES;
				CLANG_WARN_BLOCK_CAPTURE_AUTORELEASING = YES;
				CLANG_WARN_BOOL_CONVERSION = YES;
				CLANG_WARN_COMMA = YES;
				CLANG_WARN_CONSTANT_CONVERSION = YES;
				CLANG_WARN_DEPRECATED_OBJC_IMPLEMENTATIONS = YES;
				CLANG_WARN_DIRECT_OBJC_ISA_USAGE = YES_ERROR;
				CLANG_WARN_DOCUMENTATION_COMMENTS = YES;
				CLANG_WARN_EMPTY_BODY = YES;
				CLANG_WARN_ENUM_CONVERSION = YES;
				CLANG_WARN_INFINITE_RECURSION = YES;
				CLANG_WARN_INT_CONVERSION = YES;
				CLANG_WARN_NON_LITERAL_NULL_CONVERSION = YES;
				CLANG_WARN_OBJC_IMPLICIT_RETAIN_SELF = YES;
				CLANG_WARN_OBJC_LITERAL_CONVERSION = YES;
				CLANG_WARN_OBJC_ROOT_CLASS = YES_ERROR;
				CLANG_WARN_QUOTED_INCLUDE_IN_FRAMEWORK_HEADER = YES;
				CLANG_WARN_RANGE_LOOP_ANALYSIS = YES;
				CLANG_WARN_STRICT_PROTOTYPES = YES;
				CLANG_WARN_SUSPICIOUS_MOVE = YES;
				CLANG_WARN_UNGUARDED_AVAILABILITY = YES_AGGRESSIVE;
				CLANG_WARN_UNREACHABLE_CODE = YES;
				CLANG_WARN__DUPLICATE_METHOD_MATCH = YES;
				COPY_PHASE_STRIP = NO;
				DEBUG_INFORMATION_FORMAT = dwarf;
				DEVELOPMENT_TEAM = 8QBDP55KDZ;
				ENABLE_STRICT_OBJC_MSGSEND = YES;
				ENABLE_TESTABILITY = YES;
				ENABLE_USER_SCRIPT_SANDBOXING = YES;
				GCC_C_LANGUAGE_STANDARD = gnu17;
				GCC_DYNAMIC_NO_PIC = NO;
				GCC_NO_COMMON_BLOCKS = YES;
				GCC_OPTIMIZATION_LEVEL = 0;
				GCC_PREPROCESSOR_DEFINITIONS = (
					"DEBUG=1",
					"$(inherited)",
				);
				GCC_WARN_64_TO_32_BIT_CONVERSION = YES;
				GCC_WARN_ABOUT_RETURN_TYPE = YES_ERROR;
				GCC_WARN_UNDECLARED_SELECTOR = YES;
				GCC_WARN_UNINITIALIZED_AUTOS = YES_AGGRESSIVE;
				GCC_WARN_UNUSED_FUNCTION = YES;
				GCC_WARN_UNUSED_VARIABLE = YES;
				IPHONEOS_DEPLOYMENT_TARGET = 18.4;
				LOCALIZATION_PREFERS_STRING_CATALOGS = YES;
				MTL_ENABLE_DEBUG_INFO = INCLUDE_SOURCE;
				MTL_FAST_MATH = YES;
				ONLY_ACTIVE_ARCH = YES;
				SDKROOT = iphoneos;
				SWIFT_ACTIVE_COMPILATION_CONDITIONS = "DEBUG $(inherited)";
				SWIFT_OPTIMIZATION_LEVEL = "-Onone";
			};
			name = Debug;
		};
		18153E0E2DE571EE007C872E /* Release */ = {
			isa = XCBuildConfiguration;
			buildSettings = {
				ALWAYS_SEARCH_USER_PATHS = NO;
				ASSETCATALOG_COMPILER_GENERATE_SWIFT_ASSET_SYMBOL_EXTENSIONS = YES;
				CLANG_ANALYZER_NONNULL = YES;
				CLANG_ANALYZER_NUMBER_OBJECT_CONVERSION = YES_AGGRESSIVE;
				CLANG_CXX_LANGUAGE_STANDARD = "gnu++20";
				CLANG_ENABLE_MODULES = YES;
				CLANG_ENABLE_OBJC_ARC = YES;
				CLANG_ENABLE_OBJC_WEAK = YES;
				CLANG_WARN_BLOCK_CAPTURE_AUTORELEASING = YES;
				CLANG_WARN_BOOL_CONVERSION = YES;
				CLANG_WARN_COMMA = YES;
				CLANG_WARN_CONSTANT_CONVERSION = YES;
				CLANG_WARN_DEPRECATED_OBJC_IMPLEMENTATIONS = YES;
				CLANG_WARN_DIRECT_OBJC_ISA_USAGE = YES_ERROR;
				CLANG_WARN_DOCUMENTATION_COMMENTS = YES;
				CLANG_WARN_EMPTY_BODY = YES;
				CLANG_WARN_ENUM_CONVERSION = YES;
				CLANG_WARN_INFINITE_RECURSION = YES;
				CLANG_WARN_INT_CONVERSION = YES;
				CLANG_WARN_NON_LITERAL_NULL_CONVERSION = YES;
				CLANG_WARN_OBJC_IMPLICIT_RETAIN_SELF = YES;
				CLANG_WARN_OBJC_LITERAL_CONVERSION = YES;
				CLANG_WARN_OBJC_ROOT_CLASS = YES_ERROR;
				CLANG_WARN_QUOTED_INCLUDE_IN_FRAMEWORK_HEADER = YES;
				CLANG_WARN_RANGE_LOOP_ANALYSIS = YES;
				CLANG_WARN_STRICT_PROTOTYPES = YES;
				CLANG_WARN_SUSPICIOUS_MOVE = YES;
				CLANG_WARN_UNGUARDED_AVAILABILITY = YES_AGGRESSIVE;
				CLANG_WARN_UNREACHABLE_CODE = YES;
				CLANG_WARN__DUPLICATE_METHOD_MATCH = YES;
				COPY_PHASE_STRIP = NO;
				DEBUG_INFORMATION_FORMAT = "dwarf-with-dsym";
				DEVELOPMENT_TEAM = 8QBDP55KDZ;
				ENABLE_NS_ASSERTIONS = NO;
				ENABLE_STRICT_OBJC_MSGSEND = YES;
				ENABLE_USER_SCRIPT_SANDBOXING = YES;
				GCC_C_LANGUAGE_STANDARD = gnu17;
				GCC_NO_COMMON_BLOCKS = YES;
				GCC_WARN_64_TO_32_BIT_CONVERSION = YES;
				GCC_WARN_ABOUT_RETURN_TYPE = YES_ERROR;
				GCC_WARN_UNDECLARED_SELECTOR = YES;
				GCC_WARN_UNINITIALIZED_AUTOS = YES_AGGRESSIVE;
				GCC_WARN_UNUSED_FUNCTION = YES;
				GCC_WARN_UNUSED_VARIABLE = YES;
				IPHONEOS_DEPLOYMENT_TARGET = 18.4;
				LOCALIZATION_PREFERS_STRING_CATALOGS = YES;
				MTL_ENABLE_DEBUG_INFO = NO;
				MTL_FAST_MATH = YES;
				SDKROOT = iphoneos;
				SWIFT_COMPILATION_MODE = wholemodule;
				VALIDATE_PRODUCT = YES;
			};
			name = Release;
		};
		18153E102DE571EE007C872E /* Debug */ = {
			isa = XCBuildConfiguration;
			buildSettings = {
				ASSETCATALOG_COMPILER_APPICON_NAME = AppIcon;
				ASSETCATALOG_COMPILER_GLOBAL_ACCENT_COLOR_NAME = AccentColor;
				CODE_SIGN_STYLE = Automatic;
				CURRENT_PROJECT_VERSION = 1;
				DEVELOPMENT_TEAM = 8QBDP55KDZ;
				ENABLE_PREVIEWS = YES;
				GENERATE_INFOPLIST_FILE = YES;
				INFOPLIST_KEY_UIApplicationSceneManifest_Generation = YES;
				INFOPLIST_KEY_UIApplicationSupportsIndirectInputEvents = YES;
				INFOPLIST_KEY_UILaunchScreen_Generation = YES;
				INFOPLIST_KEY_UISupportedInterfaceOrientations_iPad = "UIInterfaceOrientationPortrait UIInterfaceOrientationPortraitUpsideDown UIInterfaceOrientationLandscapeLeft UIInterfaceOrientationLandscapeRight";
				INFOPLIST_KEY_UISupportedInterfaceOrientations_iPhone = "UIInterfaceOrientationPortrait UIInterfaceOrientationLandscapeLeft UIInterfaceOrientationLandscapeRight";
				LD_RUNPATH_SEARCH_PATHS = (
					"$(inherited)",
					"@executable_path/Frameworks",
				);
				MARKETING_VERSION = 1.0;
				PRODUCT_BUNDLE_IDENTIFIER = com.greenbuttonproducts.GovyCheckin;
				PRODUCT_NAME = "$(TARGET_NAME)";
				SWIFT_EMIT_LOC_STRINGS = YES;
				SWIFT_VERSION = 5.0;
				TARGETED_DEVICE_FAMILY = "1,2";
			};
			name = Debug;
		};
		18153E112DE571EE007C872E /* Release */ = {
			isa = XCBuildConfiguration;
			buildSettings = {
				ASSETCATALOG_COMPILER_APPICON_NAME = AppIcon;
				ASSETCATALOG_COMPILER_GLOBAL_ACCENT_COLOR_NAME = AccentColor;
				CODE_SIGN_STYLE = Automatic;
				CURRENT_PROJECT_VERSION = 1;
				DEVELOPMENT_TEAM = 8QBDP55KDZ;
				ENABLE_PREVIEWS = YES;
				GENERATE_INFOPLIST_FILE = YES;
				INFOPLIST_KEY_UIApplicationSceneManifest_Generation = YES;
				INFOPLIST_KEY_UIApplicationSupportsIndirectInputEvents = YES;
				INFOPLIST_KEY_UILaunchScreen_Generation = YES;
				INFOPLIST_KEY_UISupportedInterfaceOrientations_iPad = "UIInterfaceOrientationPortrait UIInterfaceOrientationPortraitUpsideDown UIInterfaceOrientationLandscapeLeft UIInterfaceOrientationLandscapeRight";
				INFOPLIST_KEY_UISupportedInterfaceOrientations_iPhone = "UIInterfaceOrientationPortrait UIInterfaceOrientationLandscapeLeft UIInterfaceOrientationLandscapeRight";
				LD_RUNPATH_SEARCH_PATHS = (
					"$(inherited)",
					"@executable_path/Frameworks",
				);
				MARKETING_VERSION = 1.0;
				PRODUCT_BUNDLE_IDENTIFIER = com.greenbuttonproducts.GovyCheckin;
				PRODUCT_NAME = "$(TARGET_NAME)";
				SWIFT_EMIT_LOC_STRINGS = YES;
				SWIFT_VERSION = 5.0;
				TARGETED_DEVICE_FAMILY = "1,2";
			};
			name = Release;
		};
		18153E132DE571EE007C872E /* Debug */ = {
			isa = XCBuildConfiguration;
			buildSettings = {
				BUNDLE_LOADER = "$(TEST_HOST)";
				CODE_SIGN_STYLE = Automatic;
				CURRENT_PROJECT_VERSION = 1;
				DEVELOPMENT_TEAM = 8QBDP55KDZ;
				GENERATE_INFOPLIST_FILE = YES;
				IPHONEOS_DEPLOYMENT_TARGET = 18.4;
				MARKETING_VERSION = 1.0;
				PRODUCT_BUNDLE_IDENTIFIER = com.greenbuttonproducts.GovyCheckinTests;
				PRODUCT_NAME = "$(TARGET_NAME)";
				SWIFT_EMIT_LOC_STRINGS = NO;
				SWIFT_VERSION = 5.0;
				TARGETED_DEVICE_FAMILY = "1,2";
				TEST_HOST = "$(BUILT_PRODUCTS_DIR)/GovyCheckin.app/$(BUNDLE_EXECUTABLE_FOLDER_PATH)/GovyCheckin";
			};
			name = Debug;
		};
		18153E142DE571EE007C872E /* Release */ = {
			isa = XCBuildConfiguration;
			buildSettings = {
				BUNDLE_LOADER = "$(TEST_HOST)";
				CODE_SIGN_STYLE = Automatic;
				CURRENT_PROJECT_VERSION = 1;
				DEVELOPMENT_TEAM = 8QBDP55KDZ;
				GENERATE_INFOPLIST_FILE = YES;
				IPHONEOS_DEPLOYMENT_TARGET = 18.4;
				MARKETING_VERSION = 1.0;
				PRODUCT_BUNDLE_IDENTIFIER = com.greenbuttonproducts.GovyCheckinTests;
				PRODUCT_NAME = "$(TARGET_NAME)";
				SWIFT_EMIT_LOC_STRINGS = NO;
				SWIFT_VERSION = 5.0;
				TARGETED_DEVICE_FAMILY = "1,2";
				TEST_HOST = "$(BUILT_PRODUCTS_DIR)/GovyCheckin.app/$(BUNDLE_EXECUTABLE_FOLDER_PATH)/GovyCheckin";
			};
			name = Release;
		};
		18153E162DE571EE007C872E /* Debug */ = {
			isa = XCBuildConfiguration;
			buildSettings = {
				CODE_SIGN_STYLE = Automatic;
				CURRENT_PROJECT_VERSION = 1;
				DEVELOPMENT_TEAM = 8QBDP55KDZ;
				GENERATE_INFOPLIST_FILE = YES;
				MARKETING_VERSION = 1.0;
				PRODUCT_BUNDLE_IDENTIFIER = com.greenbuttonproducts.GovyCheckinUITests;
				PRODUCT_NAME = "$(TARGET_NAME)";
				SWIFT_EMIT_LOC_STRINGS = NO;
				SWIFT_VERSION = 5.0;
				TARGETED_DEVICE_FAMILY = "1,2";
				TEST_TARGET_NAME = GovyCheckin;
			};
			name = Debug;
		};
		18153E172DE571EE007C872E /* Release */ = {
			isa = XCBuildConfiguration;
			buildSettings = {
				CODE_SIGN_STYLE = Automatic;
				CURRENT_PROJECT_VERSION = 1;
				DEVELOPMENT_TEAM = 8QBDP55KDZ;
				GENERATE_INFOPLIST_FILE = YES;
				MARKETING_VERSION = 1.0;
				PRODUCT_BUNDLE_IDENTIFIER = com.greenbuttonproducts.GovyCheckinUITests;
				PRODUCT_NAME = "$(TARGET_NAME)";
				SWIFT_EMIT_LOC_STRINGS = NO;
				SWIFT_VERSION = 5.0;
				TARGETED_DEVICE_FAMILY = "1,2";
				TEST_TARGET_NAME = GovyCheckin;
			};
			name = Release;
		};
/* End XCBuildConfiguration section */

/* Begin XCConfigurationList section */
		18153DE92DE571E4007C872E /* Build configuration list for PBXProject "GovyCheckin" */ = {
			isa = XCConfigurationList;
			buildConfigurations = (
				18153E0D2DE571EE007C872E /* Debug */,
				18153E0E2DE571EE007C872E /* Release */,
			);
			defaultConfigurationIsVisible = 0;
			defaultConfigurationName = Release;
		};
		18153E0F2DE571EE007C872E /* Build configuration list for PBXNativeTarget "GovyCheckin" */ = {
			isa = XCConfigurationList;
			buildConfigurations = (
				18153E102DE571EE007C872E /* Debug */,
				18153E112DE571EE007C872E /* Release */,
			);
			defaultConfigurationIsVisible = 0;
			defaultConfigurationName = Release;
		};
		18153E122DE571EE007C872E /* Build configuration list for PBXNativeTarget "GovyCheckinTests" */ = {
			isa = XCConfigurationList;
			buildConfigurations = (
				18153E132DE571EE007C872E /* Debug */,
				18153E142DE571EE007C872E /* Release */,
			);
			defaultConfigurationIsVisible = 0;
			defaultConfigurationName = Release;
		};
		18153E152DE571EE007C872E /* Build configuration list for PBXNativeTarget "GovyCheckinUITests" */ = {
			isa = XCConfigurationList;
			buildConfigurations = (
				18153E162DE571EE007C872E /* Debug */,
				18153E172DE571EE007C872E /* Release */,
			);
			defaultConfigurationIsVisible = 0;
			defaultConfigurationName = Release;
		};
/* End XCConfigurationList section */
	};
	rootObject = 18153DE62DE571E4007C872E /* Project object */;
}
